
Microsoft Visual Studio Solution File, Format Version 12.00
# Visual Studio Version 16
VisualStudioVersion = 16.0.29519.87
MinimumVisualStudioVersion = 10.0.40219.1
Project("{9A19103F-16F7-4668-BE54-9A1E7A4F7556}") = "HoldemPoker", "HoldemPoker\HoldemPoker.csproj", "{EAABDE56-3596-42D4-BFF7-06B5E4D23520}"
EndProject
Project("{FAE04EC0-301F-11D3-BF4B-00C04F79EFBC}") = "HoldemPoker.UnitTests", "HoldemPoker.UnitTests\HoldemPoker.UnitTests.csproj", "{F71353CA-C29C-467D-A5F7-8C46A041BFA5}"
EndProject
Global
	GlobalSection(SolutionConfigurationPlatforms) = preSolution
		Debug|Any CPU = Debug|Any CPU
		Release|Any CPU = Release|Any CPU
	EndGlobalSection
	GlobalSection(ProjectConfigurationPlatforms) = postSolution
		{EAABDE56-3596-42D4-BFF7-06B5E4D23520}.Debug|Any CPU.ActiveCfg = Debug|Any CPU
		{EAABDE56-3596-42D4-BFF7-06B5E4D23520}.Debug|Any CPU.Build.0 = Debug|Any CPU
		{EAABDE56-3596-42D4-BFF7-06B5E4D23520}.Release|Any CPU.ActiveCfg = Release|Any CPU
		{EAABDE56-3596-42D4-BFF7-06B5E4D23520}.Release|Any CPU.Build.0 = Release|Any CPU
		{F71353CA-C29C-467D-A5F7-8C46A041BFA5}.Debug|Any CPU.ActiveCfg = Debug|Any CPU
		{F71353CA-C29C-467D-A5F7-8C46A041BFA5}.Debug|Any CPU.Build.0 = Debug|Any CPU
		{F71353CA-C29C-467D-A5F7-8C46A041BFA5}.Release|Any CPU.ActiveCfg = Release|Any CPU
		{F71353CA-C29C-467D-A5F7-8C46A041BFA5}.Release|Any CPU.Build.0 = Release|Any CPU
	EndGlobalSection
	GlobalSection(SolutionProperties) = preSolution
		HideSolutionNode = FALSE
	EndGlobalSection
	GlobalSection(ExtensibilityGlobals) = postSolution
		SolutionGuid = {96E89140-5FF1-401A-8549-12D4C7BAAA42}
	EndGlobalSection
EndGlobal
